// !$*UTF8*$!
{
	archiveVersion = 1;
	classes = {
	};
	objectVersion = 46;
	objects = {

/* Begin PBXBuildFile section */
		778CC5581DFA941F0041FA75 /* AppDelegate.swift in Sources */ = {isa = PBXBuildFile; fileRef = 778CC54F1DFA941F0041FA75 /* AppDelegate.swift */; };
		778CC5591DFA941F0041FA75 /* Assets.xcassets in Resources */ = {isa = PBXBuildFile; fileRef = 778CC5501DFA941F0041FA75 /* Assets.xcassets */; };
		778CC55A1DFA941F0041FA75 /* LaunchScreen.storyboard in Resources */ = {isa = PBXBuildFile; fileRef = 778CC5521DFA941F0041FA75 /* LaunchScreen.storyboard */; };
		778CC55B1DFA941F0041FA75 /* Info.plist in Resources */ = {isa = PBXBuildFile; fileRef = 778CC5551DFA941F0041FA75 /* Info.plist */; };
		778CC55D1DFA95080041FA75 /* Main.storyboard in Resources */ = {isa = PBXBuildFile; fileRef = 778CC55C1DFA95080041FA75 /* Main.storyboard */; };
		778CC55F1DFAA0870041FA75 /* Article.swift in Sources */ = {isa = PBXBuildFile; fileRef = 778CC55E1DFAA0870041FA75 /* Article.swift */; };
/* End PBXBuildFile section */

/* Begin PBXFileReference section */
		778CC5281DFA8EBF0041FA75 /* APIHomework.app */ = {isa = PBXFileReference; explicitFileType = wrapper.application; includeInIndex = 0; path = APIHomework.app; sourceTree = BUILT_PRODUCTS_DIR; };
		778CC54F1DFA941F0041FA75 /* AppDelegate.swift */ = {isa = PBXFileReference; fileEncoding = 4; lastKnownFileType = sourcecode.swift; path = AppDelegate.swift; sourceTree = "<group>"; };
		778CC5501DFA941F0041FA75 /* Assets.xcassets */ = {isa = PBXFileReference; lastKnownFileType = folder.assetcatalog; path = Assets.xcassets; sourceTree = "<group>"; };
		778CC5531DFA941F0041FA75 /* Base */ = {isa = PBXFileReference; lastKnownFileType = file.storyboard; name = Base; path = LaunchScreen.storyboard; sourceTree = "<group>"; };
		778CC5551DFA941F0041FA75 /* Info.plist */ = {isa = PBXFileReference; fileEncoding = 4; lastKnownFileType = text.plist.xml; path = Info.plist; sourceTree = "<group>"; };
		778CC55C1DFA95080041FA75 /* Main.storyboard */ = {isa = PBXFileReference; fileEncoding = 4; lastKnownFileType = file.storyboard; path = Main.storyboard; sourceTree = "<group>"; };
		778CC55E1DFAA0870041FA75 /* Article.swift */ = {isa = PBXFileReference; fileEncoding = 4; lastKnownFileType = sourcecode.swift; path = Article.swift; sourceTree = "<group>"; };
/* End PBXFileReference section */

/* Begin PBXFrameworksBuildPhase section */
		778CC5251DFA8EBF0041FA75 /* Frameworks */ = {
			isa = PBXFrameworksBuildPhase;
			buildActionMask = 2147483647;
			files = (
			);
			runOnlyForDeploymentPostprocessing = 0;
		};
/* End PBXFrameworksBuildPhase section */

/* Begin PBXGroup section */
		778CC51F1DFA8EBF0041FA75 = {
			isa = PBXGroup;
			children = (
				778CC52A1DFA8EBF0041FA75 /* APIHomework */,
				778CC5291DFA8EBF0041FA75 /* Products */,
			);
			sourceTree = "<group>";
		};
		778CC5291DFA8EBF0041FA75 /* Products */ = {
			isa = PBXGroup;
			children = (
				778CC5281DFA8EBF0041FA75 /* APIHomework.app */,
			);
			name = Products;
			sourceTree = "<group>";
		};
		778CC52A1DFA8EBF0041FA75 /* APIHomework */ = {
			isa = PBXGroup;
			children = (
				778CC5501DFA941F0041FA75 /* Assets.xcassets */,
				778CC54F1DFA941F0041FA75 /* AppDelegate.swift */,
				778CC5511DFA941F0041FA75 /* Base.lproj */,
				778CC5541DFA941F0041FA75 /* Controller */,
				778CC5551DFA941F0041FA75 /* Info.plist */,
				778CC5561DFA941F0041FA75 /* Model */,
				778CC5571DFA941F0041FA75 /* View */,
			);
			path = APIHomework;
			sourceTree = "<group>";
		};
		778CC5511DFA941F0041FA75 /* Base.lproj */ = {
			isa = PBXGroup;
			children = (
				778CC5521DFA941F0041FA75 /* LaunchScreen.storyboard */,
			);
			path = Base.lproj;
			sourceTree = "<group>";
		};
		778CC5541DFA941F0041FA75 /* Controller */ = {
			isa = PBXGroup;
			children = (
			);
			path = Controller;
			sourceTree = "<group>";
		};
		778CC5561DFA941F0041FA75 /* Model */ = {
			isa = PBXGroup;
			children = (
				778CC55E1DFAA0870041FA75 /* Article.swift */,
			);
			path = Model;
			sourceTree = "<group>";
		};
		778CC5571DFA941F0041FA75 /* View */ = {
			isa = PBXGroup;
			children = (
				778CC55C1DFA95080041FA75 /* Main.storyboard */,
			);
			path = View;
			sourceTree = "<group>";
		};
/* End PBXGroup section */

/* Begin PBXNativeTarget section */
		778CC5271DFA8EBF0041FA75 /* APIHomework */ = {
			isa = PBXNativeTarget;
			buildConfigurationList = 778CC53A1DFA8EBF0041FA75 /* Build configuration list for PBXNativeTarget "APIHomework" */;
			buildPhases = (
				778CC5241DFA8EBF0041FA75 /* Sources */,
				778CC5251DFA8EBF0041FA75 /* Frameworks */,
				778CC5261DFA8EBF0041FA75 /* Resources */,
			);
			buildRules = (
			);
			dependencies = (
			);
			name = APIHomework;
			productName = APIHomework;
			productReference = 778CC5281DFA8EBF0041FA75 /* APIHomework.app */;
			productType = "com.apple.product-type.application";
		};
/* End PBXNativeTarget section */

/* Begin PBXProject section */
		778CC5201DFA8EBF0041FA75 /* Project object */ = {
			isa = PBXProject;
			attributes = {
				LastSwiftUpdateCheck = 0810;
				LastUpgradeCheck = 0810;
				ORGANIZATIONNAME = "ខែម សុវត្តី";
				TargetAttributes = {
					778CC5271DFA8EBF0041FA75 = {
						CreatedOnToolsVersion = 8.1;
						LastSwiftMigration = 0810;
						ProvisioningStyle = Automatic;
					};
				};
			};
			buildConfigurationList = 778CC5231DFA8EBF0041FA75 /* Build configuration list for PBXProject "APIHomework" */;
			compatibilityVersion = "Xcode 3.2";
			developmentRegion = English;
			hasScannedForEncodings = 0;
			knownRegions = (
				en,
				Base,
			);
			mainGroup = 778CC51F1DFA8EBF0041FA75;
			productRefGroup = 778CC5291DFA8EBF0041FA75 /* Products */;
			projectDirPath = "";
			projectRoot = "";
			targets = (
				778CC5271DFA8EBF0041FA75 /* APIHomework */,
			);
		};
/* End PBXProject section */

/* Begin PBXResourcesBuildPhase section */
		778CC5261DFA8EBF0041FA75 /* Resources */ = {
			isa = PBXResourcesBuildPhase;
			buildActionMask = 2147483647;
			files = (
				778CC5591DFA941F0041FA75 /* Assets.xcassets in Resources */,
				778CC55A1DFA941F0041FA75 /* LaunchScreen.storyboard in Resources */,
				778CC55B1DFA941F0041FA75 /* Info.plist in Resources */,
				778CC55D1DFA95080041FA75 /* Main.storyboard in Resources */,
			);
			runOnlyForDeploymentPostprocessing = 0;
		};
/* End PBXResourcesBuildPhase section */

/* Begin PBXSourcesBuildPhase section */
		778CC5241DFA8EBF0041FA75 /* Sources */ = {
			isa = PBXSourcesBuildPhase;
			buildActionMask = 2147483647;
			files = (
				778CC55F1DFAA0870041FA75 /* Article.swift in Sources */,
				778CC5581DFA941F0041FA75 /* AppDelegate.swift in Sources */,
			);
			runOnlyForDeploymentPostprocessing = 0;
		};
/* End PBXSourcesBuildPhase section */

/* Begin PBXVariantGroup section */
		778CC5521DFA941F0041FA75 /* LaunchScreen.storyboard */ = {
			isa = PBXVariantGroup;
			children = (
				778CC5531DFA941F0041FA75 /* Base */,
			);
			name = LaunchScreen.storyboard;
			sourceTree = "<group>";
		};
/* End PBXVariantGroup section */

/* Begin XCBuildConfiguration section */
		778CC5381DFA8EBF0041FA75 /* Debug */ = {
			isa = XCBuildConfiguration;
			buildSettings = {
				ALWAYS_SEARCH_USER_PATHS = NO;
				CLANG_ANALYZER_NONNULL = YES;
				CLANG_CXX_LANGUAGE_STANDARD = "gnu++0x";
				CLANG_CXX_LIBRARY = "libc++";
				CLANG_ENABLE_MODULES = YES;
				CLANG_ENABLE_OBJC_ARC = YES;
				CLANG_WARN_BOOL_CONVERSION = YES;
				CLANG_WARN_CONSTANT_CONVERSION = YES;
				CLANG_WARN_DIRECT_OBJC_ISA_USAGE = YES_ERROR;
				CLANG_WARN_DOCUMENTATION_COMMENTS = YES;
				CLANG_WARN_EMPTY_BODY = YES;
				CLANG_WARN_ENUM_CONVERSION = YES;
				CLANG_WARN_INFINITE_RECURSION = YES;
				CLANG_WARN_INT_CONVERSION = YES;
				CLANG_WARN_OBJC_ROOT_CLASS = YES_ERROR;
				CLANG_WARN_SUSPICIOUS_MOVES = YES;
				CLANG_WARN_UNREACHABLE_CODE = YES;
				CLANG_WARN__DUPLICATE_METHOD_MATCH = YES;
				"CODE_SIGN_IDENTITY[sdk=iphoneos*]" = "iPhone Developer";
				COPY_PHASE_STRIP = NO;
				DEBUG_INFORMATION_FORMAT = dwarf;
				ENABLE_STRICT_OBJC_MSGSEND = YES;
				ENABLE_TESTABILITY = YES;
				GCC_C_LANGUAGE_STANDARD = gnu99;
				GCC_DYNAMIC_NO_PIC = NO;
				GCC_NO_COMMON_BLOCKS = YES;
				GCC_OPTIMIZATION_LEVEL = 0;
				GCC_PREPROCESSOR_DEFINITIONS = (
					"DEBUG=1",
					"$(inherited)",
				);
				GCC_WARN_64_TO_32_BIT_CONVERSION = YES;
				GCC_WARN_ABOUT_RETURN_TYPE = YES_ERROR;
				GCC_WARN_UNDECLARED_SELECTOR = YES;
				GCC_WARN_UNINITIALIZED_AUTOS = YES_AGGRESSIVE;
				GCC_WARN_UNUSED_FUNCTION = YES;
				GCC_WARN_UNUSED_VARIABLE = YES;
				IPHONEOS_DEPLOYMENT_TARGET = 10.1;
				MTL_ENABLE_DEBUG_INFO = YES;
				ONLY_ACTIVE_ARCH = YES;
				SDKROOT = iphoneos;
				SWIFT_ACTIVE_COMPILATION_CONDITIONS = DEBUG;
				SWIFT_OPTIMIZATION_LEVEL = "-Onone";
			};
			name = Debug;
		};
		778CC5391DFA8EBF0041FA75 /* Release */ = {
			isa = XCBuildConfiguration;
			buildSettings = {
				ALWAYS_SEARCH_USER_PATHS = NO;
				CLANG_ANALYZER_NONNULL = YES;
				CLANG_CXX_LANGUAGE_STANDARD = "gnu++0x";
				CLANG_CXX_LIBRARY = "libc++";
				CLANG_ENABLE_MODULES = YES;
				CLANG_ENABLE_OBJC_ARC = YES;
				CLANG_WARN_BOOL_CONVERSION = YES;
				CLANG_WARN_CONSTANT_CONVERSION = YES;
				CLANG_WARN_DIRECT_OBJC_ISA_USAGE = YES_ERROR;
				CLANG_WARN_DOCUMENTATION_COMMENTS = YES;
				CLANG_WARN_EMPTY_BODY = YES;
				CLANG_WARN_ENUM_CONVERSION = YES;
				CLANG_WARN_INFINITE_RECURSION = YES;
				CLANG_WARN_INT_CONVERSION = YES;
				CLANG_WARN_OBJC_ROOT_CLASS = YES_ERROR;
				CLANG_WARN_SUSPICIOUS_MOVES = YES;
				CLANG_WARN_UNREACHABLE_CODE = YES;
				CLANG_WARN__DUPLICATE_METHOD_MATCH = YES;
				"CODE_SIGN_IDENTITY[sdk=iphoneos*]" = "iPhone Developer";
				COPY_PHASE_STRIP = NO;
				DEBUG_INFORMATION_FORMAT = "dwarf-with-dsym";
				ENABLE_NS_ASSERTIONS = NO;
				ENABLE_STRICT_OBJC_MSGSEND = YES;
				GCC_C_LANGUAGE_STANDARD = gnu99;
				GCC_NO_COMMON_BLOCKS = YES;
				GCC_WARN_64_TO_32_BIT_CONVERSION = YES;
				GCC_WARN_ABOUT_RETURN_TYPE = YES_ERROR;
				GCC_WARN_UNDECLARED_SELECTOR = YES;
				GCC_WARN_UNINITIALIZED_AUTOS = YES_AGGRESSIVE;
				GCC_WARN_UNUSED_FUNCTION = YES;
				GCC_WARN_UNUSED_VARIABLE = YES;
				IPHONEOS_DEPLOYMENT_TARGET = 10.1;
				MTL_ENABLE_DEBUG_INFO = NO;
				SDKROOT = iphoneos;
				SWIFT_OPTIMIZATION_LEVEL = "-Owholemodule";
				VALIDATE_PRODUCT = YES;
			};
			name = Release;
		};
		778CC53B1DFA8EBF0041FA75 /* Debug */ = {
			isa = XCBuildConfiguration;
			buildSettings = {
				ASSETCATALOG_COMPILER_APPICON_NAME = AppIcon;
				CLANG_ENABLE_MODULES = YES;
				INFOPLIST_FILE = APIHomework/Info.plist;
				LD_RUNPATH_SEARCH_PATHS = "$(inherited) @executable_path/Frameworks";
				PRODUCT_BUNDLE_IDENTIFIER = com.Test.APIHomework;
				PRODUCT_NAME = "$(TARGET_NAME)";
				SWIFT_OPTIMIZATION_LEVEL = "-Onone";
				SWIFT_VERSION = 3.0;
			};
			name = Debug;
		};
		778CC53C1DFA8EBF0041FA75 /* Release */ = {
			isa = XCBuildConfiguration;
			buildSettings = {
				ASSETCATALOG_COMPILER_APPICON_NAME = AppIcon;
				CLANG_ENABLE_MODULES = YES;
				INFOPLIST_FILE = APIHomework/Info.plist;
				LD_RUNPATH_SEARCH_PATHS = "$(inherited) @executable_path/Frameworks";
				PRODUCT_BUNDLE_IDENTIFIER = com.Test.APIHomework;
				PRODUCT_NAME = "$(TARGET_NAME)";
				SWIFT_VERSION = 3.0;
			};
			name = Release;
		};
/* End XCBuildConfiguration section */

/* Begin XCConfigurationList section */
		778CC5231DFA8EBF0041FA75 /* Build configuration list for PBXProject "APIHomework" */ = {
			isa = XCConfigurationList;
			buildConfigurations = (
				778CC5381DFA8EBF0041FA75 /* Debug */,
				778CC5391DFA8EBF0041FA75 /* Release */,
			);
			defaultConfigurationIsVisible = 0;
			defaultConfigurationName = Release;
		};
		778CC53A1DFA8EBF0041FA75 /* Build configuration list for PBXNativeTarget "APIHomework" */ = {
			isa = XCConfigurationList;
			buildConfigurations = (
				778CC53B1DFA8EBF0041FA75 /* Debug */,
				778CC53C1DFA8EBF0041FA75 /* Release */,
			);
			defaultConfigurationIsVisible = 0;
			defaultConfigurationName = Release;
		};
/* End XCConfigurationList section */
	};
	rootObject = 778CC5201DFA8EBF0041FA75 /* Project object */;
}
